
Microsoft Visual Studio Solution File, Format Version 12.00
# Visual Studio Version 17
VisualStudioVersion = 17.13.35825.156 d17.13
MinimumVisualStudioVersion = 10.0.40219.1
Project("{FAE04EC0-301F-11D3-BF4B-00C04F79EFBC}") = "CarRentalPolymorephism", "CarRentalPolymorephism.csproj", "{36F3203A-280A-4449-8E8C-68D5423DE8E9}"
EndProject
Global
	GlobalSection(SolutionConfigurationPlatforms) = preSolution
		Debug|Any CPU = Debug|Any CPU
		Release|Any CPU = Release|Any CPU
	EndGlobalSection
	GlobalSection(ProjectConfigurationPlatforms) = postSolution
		{36F3203A-280A-4449-8E8C-68D5423DE8E9}.Debug|Any CPU.ActiveCfg = Debug|Any CPU
		{36F3203A-280A-4449-8E8C-68D5423DE8E9}.Debug|Any CPU.Build.0 = Debug|Any CPU
		{36F3203A-280A-4449-8E8C-68D5423DE8E9}.Release|Any CPU.ActiveCfg = Release|Any CPU
		{36F3203A-280A-4449-8E8C-68D5423DE8E9}.Release|Any CPU.Build.0 = Release|Any CPU
	EndGlobalSection
	GlobalSection(SolutionProperties) = preSolution
		HideSolutionNode = FALSE
	EndGlobalSection
	GlobalSection(ExtensibilityGlobals) = postSolution
		SolutionGuid = {A22CA1A0-E50F-47B3-B53B-5C868E54294A}
	EndGlobalSection
EndGlobal
